// !$*UTF8*$!
{
	archiveVersion = 1;
	classes = {
	};
	objectVersion = 50;
	objects = {

/* Begin PBXBuildFile section */
		2A12605821FE77A700CE8045 /* ContactCellViewController.swift in Sources */ = {isa = PBXBuildFile; fileRef = 2A12605721FE77A700CE8045 /* ContactCellViewController.swift */; };
		2A83363F21FF8FA400494F67 /* Weather.swift in Sources */ = {isa = PBXBuildFile; fileRef = 2A83363E21FF8FA400494F67 /* Weather.swift */; };
		2AC9F78621F4C24700B6BB35 /* AppDelegate.swift in Sources */ = {isa = PBXBuildFile; fileRef = 2AC9F78521F4C24700B6BB35 /* AppDelegate.swift */; };
		2AC9F78821F4C24700B6BB35 /* ViewController.swift in Sources */ = {isa = PBXBuildFile; fileRef = 2AC9F78721F4C24700B6BB35 /* ViewController.swift */; };
		2AC9F78B21F4C24700B6BB35 /* Main.storyboard in Resources */ = {isa = PBXBuildFile; fileRef = 2AC9F78921F4C24700B6BB35 /* Main.storyboard */; };
		2AC9F78D21F4C24A00B6BB35 /* Assets.xcassets in Resources */ = {isa = PBXBuildFile; fileRef = 2AC9F78C21F4C24A00B6BB35 /* Assets.xcassets */; };
		2AC9F79021F4C24A00B6BB35 /* LaunchScreen.storyboard in Resources */ = {isa = PBXBuildFile; fileRef = 2AC9F78E21F4C24A00B6BB35 /* LaunchScreen.storyboard */; };
		2AC9F79821F4C94000B6BB35 /* Contact.swift in Sources */ = {isa = PBXBuildFile; fileRef = 2AC9F79721F4C94000B6BB35 /* Contact.swift */; };
		2AC9F79A21F4DFD500B6BB35 /* DetailViewController.swift in Sources */ = {isa = PBXBuildFile; fileRef = 2AC9F79921F4DFD500B6BB35 /* DetailViewController.swift */; };
		2AF2293A2200DC7A0005E899 /* CustomColor.swift in Sources */ = {isa = PBXBuildFile; fileRef = 2AF229392200DC7A0005E899 /* CustomColor.swift */; };
/* End PBXBuildFile section */

/* Begin PBXFileReference section */
		2A12605721FE77A700CE8045 /* ContactCellViewController.swift */ = {isa = PBXFileReference; lastKnownFileType = sourcecode.swift; path = ContactCellViewController.swift; sourceTree = "<group>"; };
		2A83363E21FF8FA400494F67 /* Weather.swift */ = {isa = PBXFileReference; lastKnownFileType = sourcecode.swift; path = Weather.swift; sourceTree = "<group>"; };
		2AC9F78221F4C24700B6BB35 /* contact-mgmt-app.app */ = {isa = PBXFileReference; explicitFileType = wrapper.application; includeInIndex = 0; path = "contact-mgmt-app.app"; sourceTree = BUILT_PRODUCTS_DIR; };
		2AC9F78521F4C24700B6BB35 /* AppDelegate.swift */ = {isa = PBXFileReference; lastKnownFileType = sourcecode.swift; path = AppDelegate.swift; sourceTree = "<group>"; };
		2AC9F78721F4C24700B6BB35 /* ViewController.swift */ = {isa = PBXFileReference; lastKnownFileType = sourcecode.swift; path = ViewController.swift; sourceTree = "<group>"; };
		2AC9F78A21F4C24700B6BB35 /* Base */ = {isa = PBXFileReference; lastKnownFileType = file.storyboard; name = Base; path = Base.lproj/Main.storyboard; sourceTree = "<group>"; };
		2AC9F78C21F4C24A00B6BB35 /* Assets.xcassets */ = {isa = PBXFileReference; lastKnownFileType = folder.assetcatalog; path = Assets.xcassets; sourceTree = "<group>"; };
		2AC9F78F21F4C24A00B6BB35 /* Base */ = {isa = PBXFileReference; lastKnownFileType = file.storyboard; name = Base; path = Base.lproj/LaunchScreen.storyboard; sourceTree = "<group>"; };
		2AC9F79121F4C24A00B6BB35 /* Info.plist */ = {isa = PBXFileReference; lastKnownFileType = text.plist.xml; path = Info.plist; sourceTree = "<group>"; };
		2AC9F79721F4C94000B6BB35 /* Contact.swift */ = {isa = PBXFileReference; lastKnownFileType = sourcecode.swift; path = Contact.swift; sourceTree = "<group>"; };
		2AC9F79921F4DFD500B6BB35 /* DetailViewController.swift */ = {isa = PBXFileReference; lastKnownFileType = sourcecode.swift; path = DetailViewController.swift; sourceTree = "<group>"; };
		2AF229392200DC7A0005E899 /* CustomColor.swift */ = {isa = PBXFileReference; lastKnownFileType = sourcecode.swift; path = CustomColor.swift; sourceTree = "<group>"; };
/* End PBXFileReference section */

/* Begin PBXFrameworksBuildPhase section */
		2AC9F77F21F4C24700B6BB35 /* Frameworks */ = {
			isa = PBXFrameworksBuildPhase;
			buildActionMask = 2147483647;
			files = (
			);
			runOnlyForDeploymentPostprocessing = 0;
		};
/* End PBXFrameworksBuildPhase section */

/* Begin PBXGroup section */
		2AC9F77921F4C24700B6BB35 = {
			isa = PBXGroup;
			children = (
				2AC9F78421F4C24700B6BB35 /* contact-mgmt-app */,
				2AC9F78321F4C24700B6BB35 /* Products */,
			);
			sourceTree = "<group>";
		};
		2AC9F78321F4C24700B6BB35 /* Products */ = {
			isa = PBXGroup;
			children = (
				2AC9F78221F4C24700B6BB35 /* contact-mgmt-app.app */,
			);
			name = Products;
			sourceTree = "<group>";
		};
		2AC9F78421F4C24700B6BB35 /* contact-mgmt-app */ = {
			isa = PBXGroup;
			children = (
				2AC9F78521F4C24700B6BB35 /* AppDelegate.swift */,
				2AC9F78721F4C24700B6BB35 /* ViewController.swift */,
				2AC9F78921F4C24700B6BB35 /* Main.storyboard */,
				2AC9F78C21F4C24A00B6BB35 /* Assets.xcassets */,
				2AC9F78E21F4C24A00B6BB35 /* LaunchScreen.storyboard */,
				2AC9F79121F4C24A00B6BB35 /* Info.plist */,
				2AC9F79721F4C94000B6BB35 /* Contact.swift */,
				2AC9F79921F4DFD500B6BB35 /* DetailViewController.swift */,
				2A12605721FE77A700CE8045 /* ContactCellViewController.swift */,
				2A83363E21FF8FA400494F67 /* Weather.swift */,
				2AF229392200DC7A0005E899 /* CustomColor.swift */,
			);
			path = "contact-mgmt-app";
			sourceTree = "<group>";
		};
/* End PBXGroup section */

/* Begin PBXNativeTarget section */
		2AC9F78121F4C24700B6BB35 /* contact-mgmt-app */ = {
			isa = PBXNativeTarget;
			buildConfigurationList = 2AC9F79421F4C24A00B6BB35 /* Build configuration list for PBXNativeTarget "contact-mgmt-app" */;
			buildPhases = (
				2AC9F77E21F4C24700B6BB35 /* Sources */,
				2AC9F77F21F4C24700B6BB35 /* Frameworks */,
				2AC9F78021F4C24700B6BB35 /* Resources */,
			);
			buildRules = (
			);
			dependencies = (
			);
			name = "contact-mgmt-app";
			productName = "contact-mgmt-app";
			productReference = 2AC9F78221F4C24700B6BB35 /* contact-mgmt-app.app */;
			productType = "com.apple.product-type.application";
		};
/* End PBXNativeTarget section */

/* Begin PBXProject section */
		2AC9F77A21F4C24700B6BB35 /* Project object */ = {
			isa = PBXProject;
			attributes = {
				LastSwiftUpdateCheck = 1010;
				LastUpgradeCheck = 1010;
				ORGANIZATIONNAME = "Youbaraj Poudel";
				TargetAttributes = {
					2AC9F78121F4C24700B6BB35 = {
						CreatedOnToolsVersion = 10.1;
					};
				};
			};
			buildConfigurationList = 2AC9F77D21F4C24700B6BB35 /* Build configuration list for PBXProject "contact-mgmt-app" */;
			compatibilityVersion = "Xcode 9.3";
			developmentRegion = en;
			hasScannedForEncodings = 0;
			knownRegions = (
				en,
				Base,
			);
			mainGroup = 2AC9F77921F4C24700B6BB35;
			productRefGroup = 2AC9F78321F4C24700B6BB35 /* Products */;
			projectDirPath = "";
			projectRoot = "";
			targets = (
				2AC9F78121F4C24700B6BB35 /* contact-mgmt-app */,
			);
		};
/* End PBXProject section */

/* Begin PBXResourcesBuildPhase section */
		2AC9F78021F4C24700B6BB35 /* Resources */ = {
			isa = PBXResourcesBuildPhase;
			buildActionMask = 2147483647;
			files = (
				2AC9F79021F4C24A00B6BB35 /* LaunchScreen.storyboard in Resources */,
				2AC9F78D21F4C24A00B6BB35 /* Assets.xcassets in Resources */,
				2AC9F78B21F4C24700B6BB35 /* Main.storyboard in Resources */,
			);
			runOnlyForDeploymentPostprocessing = 0;
		};
/* End PBXResourcesBuildPhase section */

/* Begin PBXSourcesBuildPhase section */
		2AC9F77E21F4C24700B6BB35 /* Sources */ = {
			isa = PBXSourcesBuildPhase;
			buildActionMask = 2147483647;
			files = (
				2AC9F79821F4C94000B6BB35 /* Contact.swift in Sources */,
				2AF2293A2200DC7A0005E899 /* CustomColor.swift in Sources */,
				2AC9F78821F4C24700B6BB35 /* ViewController.swift in Sources */,
				2A12605821FE77A700CE8045 /* ContactCellViewController.swift in Sources */,
				2AC9F78621F4C24700B6BB35 /* AppDelegate.swift in Sources */,
				2A83363F21FF8FA400494F67 /* Weather.swift in Sources */,
				2AC9F79A21F4DFD500B6BB35 /* DetailViewController.swift in Sources */,
			);
			runOnlyForDeploymentPostprocessing = 0;
		};
/* End PBXSourcesBuildPhase section */

/* Begin PBXVariantGroup section */
		2AC9F78921F4C24700B6BB35 /* Main.storyboard */ = {
			isa = PBXVariantGroup;
			children = (
				2AC9F78A21F4C24700B6BB35 /* Base */,
			);
			name = Main.storyboard;
			sourceTree = "<group>";
		};
		2AC9F78E21F4C24A00B6BB35 /* LaunchScreen.storyboard */ = {
			isa = PBXVariantGroup;
			children = (
				2AC9F78F21F4C24A00B6BB35 /* Base */,
			);
			name = LaunchScreen.storyboard;
			sourceTree = "<group>";
		};
/* End PBXVariantGroup section */

/* Begin XCBuildConfiguration section */
		2AC9F79221F4C24A00B6BB35 /* Debug */ = {
			isa = XCBuildConfiguration;
			buildSettings = {
				ALWAYS_SEARCH_USER_PATHS = NO;
				CLANG_ANALYZER_NONNULL = YES;
				CLANG_ANALYZER_NUMBER_OBJECT_CONVERSION = YES_AGGRESSIVE;
				CLANG_CXX_LANGUAGE_STANDARD = "gnu++14";
				CLANG_CXX_LIBRARY = "libc++";
				CLANG_ENABLE_MODULES = YES;
				CLANG_ENABLE_OBJC_ARC = YES;
				CLANG_ENABLE_OBJC_WEAK = YES;
				CLANG_WARN_BLOCK_CAPTURE_AUTORELEASING = YES;
				CLANG_WARN_BOOL_CONVERSION = YES;
				CLANG_WARN_COMMA = YES;
				CLANG_WARN_CONSTANT_CONVERSION = YES;
				CLANG_WARN_DEPRECATED_OBJC_IMPLEMENTATIONS = YES;
				CLANG_WARN_DIRECT_OBJC_ISA_USAGE = YES_ERROR;
				CLANG_WARN_DOCUMENTATION_COMMENTS = YES;
				CLANG_WARN_EMPTY_BODY = YES;
				CLANG_WARN_ENUM_CONVERSION = YES;
				CLANG_WARN_INFINITE_RECURSION = YES;
				CLANG_WARN_INT_CONVERSION = YES;
				CLANG_WARN_NON_LITERAL_NULL_CONVERSION = YES;
				CLANG_WARN_OBJC_IMPLICIT_RETAIN_SELF = YES;
				CLANG_WARN_OBJC_LITERAL_CONVERSION = YES;
				CLANG_WARN_OBJC_ROOT_CLASS = YES_ERROR;
				CLANG_WARN_RANGE_LOOP_ANALYSIS = YES;
				CLANG_WARN_STRICT_PROTOTYPES = YES;
				CLANG_WARN_SUSPICIOUS_MOVE = YES;
				CLANG_WARN_UNGUARDED_AVAILABILITY = YES_AGGRESSIVE;
				CLANG_WARN_UNREACHABLE_CODE = YES;
				CLANG_WARN__DUPLICATE_METHOD_MATCH = YES;
				CODE_SIGN_IDENTITY = "iPhone Developer";
				COPY_PHASE_STRIP = NO;
				DEBUG_INFORMATION_FORMAT = dwarf;
				ENABLE_STRICT_OBJC_MSGSEND = YES;
				ENABLE_TESTABILITY = YES;
				GCC_C_LANGUAGE_STANDARD = gnu11;
				GCC_DYNAMIC_NO_PIC = NO;
				GCC_NO_COMMON_BLOCKS = YES;
				GCC_OPTIMIZATION_LEVEL = 0;
				GCC_PREPROCESSOR_DEFINITIONS = (
					"DEBUG=1",
					"$(inherited)",
				);
				GCC_WARN_64_TO_32_BIT_CONVERSION = YES;
				GCC_WARN_ABOUT_RETURN_TYPE = YES_ERROR;
				GCC_WARN_UNDECLARED_SELECTOR = YES;
				GCC_WARN_UNINITIALIZED_AUTOS = YES_AGGRESSIVE;
				GCC_WARN_UNUSED_FUNCTION = YES;
				GCC_WARN_UNUSED_VARIABLE = YES;
				IPHONEOS_DEPLOYMENT_TARGET = 12.1;
				MTL_ENABLE_DEBUG_INFO = INCLUDE_SOURCE;
				MTL_FAST_MATH = YES;
				ONLY_ACTIVE_ARCH = YES;
				SDKROOT = iphoneos;
				SWIFT_ACTIVE_COMPILATION_CONDITIONS = DEBUG;
				SWIFT_OPTIMIZATION_LEVEL = "-Onone";
			};
			name = Debug;
		};
		2AC9F79321F4C24A00B6BB35 /* Release */ = {
			isa = XCBuildConfiguration;
			buildSettings = {
				ALWAYS_SEARCH_USER_PATHS = NO;
				CLANG_ANALYZER_NONNULL = YES;
				CLANG_ANALYZER_NUMBER_OBJECT_CONVERSION = YES_AGGRESSIVE;
				CLANG_CXX_LANGUAGE_STANDARD = "gnu++14";
				CLANG_CXX_LIBRARY = "libc++";
				CLANG_ENABLE_MODULES = YES;
				CLANG_ENABLE_OBJC_ARC = YES;
				CLANG_ENABLE_OBJC_WEAK = YES;
				CLANG_WARN_BLOCK_CAPTURE_AUTORELEASING = YES;
				CLANG_WARN_BOOL_CONVERSION = YES;
				CLANG_WARN_COMMA = YES;
				CLANG_WARN_CONSTANT_CONVERSION = YES;
				CLANG_WARN_DEPRECATED_OBJC_IMPLEMENTATIONS = YES;
				CLANG_WARN_DIRECT_OBJC_ISA_USAGE = YES_ERROR;
				CLANG_WARN_DOCUMENTATION_COMMENTS = YES;
				CLANG_WARN_EMPTY_BODY = YES;
				CLANG_WARN_ENUM_CONVERSION = YES;
				CLANG_WARN_INFINITE_RECURSION = YES;
				CLANG_WARN_INT_CONVERSION = YES;
				CLANG_WARN_NON_LITERAL_NULL_CONVERSION = YES;
				CLANG_WARN_OBJC_IMPLICIT_RETAIN_SELF = YES;
				CLANG_WARN_OBJC_LITERAL_CONVERSION = YES;
				CLANG_WARN_OBJC_ROOT_CLASS = YES_ERROR;
				CLANG_WARN_RANGE_LOOP_ANALYSIS = YES;
				CLANG_WARN_STRICT_PROTOTYPES = YES;
				CLANG_WARN_SUSPICIOUS_MOVE = YES;
				CLANG_WARN_UNGUARDED_AVAILABILITY = YES_AGGRESSIVE;
				CLANG_WARN_UNREACHABLE_CODE = YES;
				CLANG_WARN__DUPLICATE_METHOD_MATCH = YES;
				CODE_SIGN_IDENTITY = "iPhone Developer";
				COPY_PHASE_STRIP = NO;
				DEBUG_INFORMATION_FORMAT = "dwarf-with-dsym";
				ENABLE_NS_ASSERTIONS = NO;
				ENABLE_STRICT_OBJC_MSGSEND = YES;
				GCC_C_LANGUAGE_STANDARD = gnu11;
				GCC_NO_COMMON_BLOCKS = YES;
				GCC_WARN_64_TO_32_BIT_CONVERSION = YES;
				GCC_WARN_ABOUT_RETURN_TYPE = YES_ERROR;
				GCC_WARN_UNDECLARED_SELECTOR = YES;
				GCC_WARN_UNINITIALIZED_AUTOS = YES_AGGRESSIVE;
				GCC_WARN_UNUSED_FUNCTION = YES;
				GCC_WARN_UNUSED_VARIABLE = YES;
				IPHONEOS_DEPLOYMENT_TARGET = 12.1;
				MTL_ENABLE_DEBUG_INFO = NO;
				MTL_FAST_MATH = YES;
				SDKROOT = iphoneos;
				SWIFT_COMPILATION_MODE = wholemodule;
				SWIFT_OPTIMIZATION_LEVEL = "-O";
				VALIDATE_PRODUCT = YES;
			};
			name = Release;
		};
		2AC9F79521F4C24A00B6BB35 /* Debug */ = {
			isa = XCBuildConfiguration;
			buildSettings = {
				ASSETCATALOG_COMPILER_APPICON_NAME = AppIcon;
				CODE_SIGN_STYLE = Automatic;
				DEVELOPMENT_TEAM = 7SDQ23D9X2;
				INFOPLIST_FILE = "contact-mgmt-app/Info.plist";
				LD_RUNPATH_SEARCH_PATHS = (
					"$(inherited)",
					"@executable_path/Frameworks",
				);
				PRODUCT_BUNDLE_IDENTIFIER = "fr.epita.mobileapps.contactmanager.contact-mgmt-app";
				PRODUCT_NAME = "$(TARGET_NAME)";
				SWIFT_VERSION = 4.2;
				TARGETED_DEVICE_FAMILY = "1,2";
			};
			name = Debug;
		};
		2AC9F79621F4C24A00B6BB35 /* Release */ = {
			isa = XCBuildConfiguration;
			buildSettings = {
				ASSETCATALOG_COMPILER_APPICON_NAME = AppIcon;
				CODE_SIGN_STYLE = Automatic;
				DEVELOPMENT_TEAM = 7SDQ23D9X2;
				INFOPLIST_FILE = "contact-mgmt-app/Info.plist";
				LD_RUNPATH_SEARCH_PATHS = (
					"$(inherited)",
					"@executable_path/Frameworks",
				);
				PRODUCT_BUNDLE_IDENTIFIER = "fr.epita.mobileapps.contactmanager.contact-mgmt-app";
				PRODUCT_NAME = "$(TARGET_NAME)";
				SWIFT_VERSION = 4.2;
				TARGETED_DEVICE_FAMILY = "1,2";
			};
			name = Release;
		};
/* End XCBuildConfiguration section */

/* Begin XCConfigurationList section */
		2AC9F77D21F4C24700B6BB35 /* Build configuration list for PBXProject "contact-mgmt-app" */ = {
			isa = XCConfigurationList;
			buildConfigurations = (
				2AC9F79221F4C24A00B6BB35 /* Debug */,
				2AC9F79321F4C24A00B6BB35 /* Release */,
			);
			defaultConfigurationIsVisible = 0;
			defaultConfigurationName = Release;
		};
		2AC9F79421F4C24A00B6BB35 /* Build configuration list for PBXNativeTarget "contact-mgmt-app" */ = {
			isa = XCConfigurationList;
			buildConfigurations = (
				2AC9F79521F4C24A00B6BB35 /* Debug */,
				2AC9F79621F4C24A00B6BB35 /* Release */,
			);
			defaultConfigurationIsVisible = 0;
			defaultConfigurationName = Release;
		};
/* End XCConfigurationList section */
	};
	rootObject = 2AC9F77A21F4C24700B6BB35 /* Project object */;
}
